{
  "object": {
    "pins": [
      {
        "package": "CSV.swift",
        "repositoryURL": "https://github.com/yaslab/CSV.swift.git",
        "state": {
          "branch": null,
          "revision": "c88aca78506069da753e7b3a68ee532341a9b368",
          "version": "2.3.1"
        }
      },
      {
        "package": "SwiftPM",
        "repositoryURL": "https://github.com/apple/swift-package-manager.git",
        "state": {
          "branch": null,
          "revision": "235aacc514cb81a6881364b0fedcb3dd083228f3",
          "version": "0.3.0"
        }
      }
    ]
  },
  "version": 1
}
